{
  "name": "@keshavsoft/kschema-cli",
  "version": "1.7.2",
  "lockfileVersion": 3,
  "requires": true,
  "packages": {
    "": {
      "name": "@keshavsoft/kschema-cli",
      "version": "1.7.2",
      "dependencies": {
        "@keshavsoft/kschema": "^1.16.1"
      },
      "bin": {
        "kschema-cli": "bin/cli.js"
      }
    },
    "node_modules/@keshavsoft/kschema": {
      "version": "1.16.1",
      "resolved": "https://registry.npmjs.org/@keshavsoft/kschema/-/kschema-1.16.1.tgz",
      "integrity": "sha512-cKsCvR8eRQW0UkG5LADXCfHb2YxCY70qndwJZ9gdP1HGAMs37FfA3KEWKftjuxYpZfsr7NXERc3R3VL41LWsGQ=="
    }
  }
}
